// !$*UTF8*$!
{
	archiveVersion = 1;
	classes = {
	};
	objectVersion = 46;
	objects = {

/* Begin PBXBuildFile section */
		0CCB3E4E17C708E80000D7A0 /* UIKit.framework in Frameworks */ = {isa = PBXBuildFile; fileRef = 0CCB3E4D17C708E80000D7A0 /* UIKit.framework */; };
		0CCB3E5017C708E80000D7A0 /* Foundation.framework in Frameworks */ = {isa = PBXBuildFile; fileRef = 0CCB3E4F17C708E80000D7A0 /* Foundation.framework */; };
		0CCB3E5217C708E80000D7A0 /* CoreGraphics.framework in Frameworks */ = {isa = PBXBuildFile; fileRef = 0CCB3E5117C708E80000D7A0 /* CoreGraphics.framework */; };
		0CCB3E5817C708E80000D7A0 /* InfoPlist.strings in Resources */ = {isa = PBXBuildFile; fileRef = 0CCB3E5617C708E80000D7A0 /* InfoPlist.strings */; };
		0CCB3E5A17C708E80000D7A0 /* main.m in Sources */ = {isa = PBXBuildFile; fileRef = 0CCB3E5917C708E80000D7A0 /* main.m */; };
		0CCB3E5E17C708E80000D7A0 /* YYAppDelegate.m in Sources */ = {isa = PBXBuildFile; fileRef = 0CCB3E5D17C708E80000D7A0 /* YYAppDelegate.m */; };
		0CCB3E6017C708E80000D7A0 /* Default.png in Resources */ = {isa = PBXBuildFile; fileRef = 0CCB3E5F17C708E80000D7A0 /* Default.png */; };
		0CCB3E6217C708E80000D7A0 /* Default@2x.png in Resources */ = {isa = PBXBuildFile; fileRef = 0CCB3E6117C708E80000D7A0 /* Default@2x.png */; };
		0CCB3E6417C708E80000D7A0 /* Default-568h@2x.png in Resources */ = {isa = PBXBuildFile; fileRef = 0CCB3E6317C708E80000D7A0 /* Default-568h@2x.png */; };
		0CCB3E7417C70C5C0000D7A0 /* MMDrawerBarButtonItem.m in Sources */ = {isa = PBXBuildFile; fileRef = 0CCB3E6D17C70C5C0000D7A0 /* MMDrawerBarButtonItem.m */; };
		0CCB3E7517C70C5C0000D7A0 /* MMDrawerController.m in Sources */ = {isa = PBXBuildFile; fileRef = 0CCB3E6F17C70C5C0000D7A0 /* MMDrawerController.m */; };
		0CCB3E7617C70C5C0000D7A0 /* MMDrawerVisualState.m in Sources */ = {isa = PBXBuildFile; fileRef = 0CCB3E7117C70C5C0000D7A0 /* MMDrawerVisualState.m */; };
		0CCB3E7717C70C5C0000D7A0 /* UIViewController+MMDrawerController.m in Sources */ = {isa = PBXBuildFile; fileRef = 0CCB3E7317C70C5C0000D7A0 /* UIViewController+MMDrawerController.m */; };
		0CCB3E7917C70C7B0000D7A0 /* QuartzCore.framework in Frameworks */ = {isa = PBXBuildFile; fileRef = 0CCB3E7817C70C7B0000D7A0 /* QuartzCore.framework */; };
		0CCB3E7C17C70CC90000D7A0 /* YYLeftViewController.m in Sources */ = {isa = PBXBuildFile; fileRef = 0CCB3E7B17C70CC90000D7A0 /* YYLeftViewController.m */; };
		0CCB3E7F17C70CD50000D7A0 /* YYRightViewController.m in Sources */ = {isa = PBXBuildFile; fileRef = 0CCB3E7E17C70CD40000D7A0 /* YYRightViewController.m */; };
		0CCB3E9317C7170D0000D7A0 /* YYBestViewController.m in Sources */ = {isa = PBXBuildFile; fileRef = 0CCB3E9217C7170D0000D7A0 /* YYBestViewController.m */; };
		0CCB3E9617C717170000D7A0 /* YYBangViewController.m in Sources */ = {isa = PBXBuildFile; fileRef = 0CCB3E9517C717170000D7A0 /* YYBangViewController.m */; };
/* End PBXBuildFile section */

/* Begin PBXFileReference section */
		0CCB3E4A17C708E80000D7A0 /* AppInfoIphone.app */ = {isa = PBXFileReference; explicitFileType = wrapper.application; includeInIndex = 0; path = AppInfoIphone.app; sourceTree = BUILT_PRODUCTS_DIR; };
		0CCB3E4D17C708E80000D7A0 /* UIKit.framework */ = {isa = PBXFileReference; lastKnownFileType = wrapper.framework; name = UIKit.framework; path = System/Library/Frameworks/UIKit.framework; sourceTree = SDKROOT; };
		0CCB3E4F17C708E80000D7A0 /* Foundation.framework */ = {isa = PBXFileReference; lastKnownFileType = wrapper.framework; name = Foundation.framework; path = System/Library/Frameworks/Foundation.framework; sourceTree = SDKROOT; };
		0CCB3E5117C708E80000D7A0 /* CoreGraphics.framework */ = {isa = PBXFileReference; lastKnownFileType = wrapper.framework; name = CoreGraphics.framework; path = System/Library/Frameworks/CoreGraphics.framework; sourceTree = SDKROOT; };
		0CCB3E5517C708E80000D7A0 /* AppInfoIphone-Info.plist */ = {isa = PBXFileReference; lastKnownFileType = text.plist.xml; path = "AppInfoIphone-Info.plist"; sourceTree = "<group>"; };
		0CCB3E5717C708E80000D7A0 /* en */ = {isa = PBXFileReference; lastKnownFileType = text.plist.strings; name = en; path = en.lproj/InfoPlist.strings; sourceTree = "<group>"; };
		0CCB3E5917C708E80000D7A0 /* main.m */ = {isa = PBXFileReference; lastKnownFileType = sourcecode.c.objc; path = main.m; sourceTree = "<group>"; };
		0CCB3E5B17C708E80000D7A0 /* AppInfoIphone-Prefix.pch */ = {isa = PBXFileReference; lastKnownFileType = sourcecode.c.h; path = "AppInfoIphone-Prefix.pch"; sourceTree = "<group>"; };
		0CCB3E5C17C708E80000D7A0 /* YYAppDelegate.h */ = {isa = PBXFileReference; lastKnownFileType = sourcecode.c.h; path = YYAppDelegate.h; sourceTree = "<group>"; };
		0CCB3E5D17C708E80000D7A0 /* YYAppDelegate.m */ = {isa = PBXFileReference; lastKnownFileType = sourcecode.c.objc; path = YYAppDelegate.m; sourceTree = "<group>"; };
		0CCB3E5F17C708E80000D7A0 /* Default.png */ = {isa = PBXFileReference; lastKnownFileType = image.png; path = Default.png; sourceTree = "<group>"; };
		0CCB3E6117C708E80000D7A0 /* Default@2x.png */ = {isa = PBXFileReference; lastKnownFileType = image.png; path = "Default@2x.png"; sourceTree = "<group>"; };
		0CCB3E6317C708E80000D7A0 /* Default-568h@2x.png */ = {isa = PBXFileReference; lastKnownFileType = image.png; path = "Default-568h@2x.png"; sourceTree = "<group>"; };
		0CCB3E6C17C70C5C0000D7A0 /* MMDrawerBarButtonItem.h */ = {isa = PBXFileReference; fileEncoding = 4; lastKnownFileType = sourcecode.c.h; path = MMDrawerBarButtonItem.h; sourceTree = "<group>"; };
		0CCB3E6D17C70C5C0000D7A0 /* MMDrawerBarButtonItem.m */ = {isa = PBXFileReference; fileEncoding = 4; lastKnownFileType = sourcecode.c.objc; path = MMDrawerBarButtonItem.m; sourceTree = "<group>"; };
		0CCB3E6E17C70C5C0000D7A0 /* MMDrawerController.h */ = {isa = PBXFileReference; fileEncoding = 4; lastKnownFileType = sourcecode.c.h; path = MMDrawerController.h; sourceTree = "<group>"; };
		0CCB3E6F17C70C5C0000D7A0 /* MMDrawerController.m */ = {isa = PBXFileReference; fileEncoding = 4; lastKnownFileType = sourcecode.c.objc; path = MMDrawerController.m; sourceTree = "<group>"; };
		0CCB3E7017C70C5C0000D7A0 /* MMDrawerVisualState.h */ = {isa = PBXFileReference; fileEncoding = 4; lastKnownFileType = sourcecode.c.h; path = MMDrawerVisualState.h; sourceTree = "<group>"; };
		0CCB3E7117C70C5C0000D7A0 /* MMDrawerVisualState.m */ = {isa = PBXFileReference; fileEncoding = 4; lastKnownFileType = sourcecode.c.objc; path = MMDrawerVisualState.m; sourceTree = "<group>"; };
		0CCB3E7217C70C5C0000D7A0 /* UIViewController+MMDrawerController.h */ = {isa = PBXFileReference; fileEncoding = 4; lastKnownFileType = sourcecode.c.h; path = "UIViewController+MMDrawerController.h"; sourceTree = "<group>"; };
		0CCB3E7317C70C5C0000D7A0 /* UIViewController+MMDrawerController.m */ = {isa = PBXFileReference; fileEncoding = 4; lastKnownFileType = sourcecode.c.objc; path = "UIViewController+MMDrawerController.m"; sourceTree = "<group>"; };
		0CCB3E7817C70C7B0000D7A0 /* QuartzCore.framework */ = {isa = PBXFileReference; lastKnownFileType = wrapper.framework; name = QuartzCore.framework; path = System/Library/Frameworks/QuartzCore.framework; sourceTree = SDKROOT; };
		0CCB3E7A17C70CC90000D7A0 /* YYLeftViewController.h */ = {isa = PBXFileReference; fileEncoding = 4; lastKnownFileType = sourcecode.c.h; path = YYLeftViewController.h; sourceTree = "<group>"; };
		0CCB3E7B17C70CC90000D7A0 /* YYLeftViewController.m */ = {isa = PBXFileReference; fileEncoding = 4; lastKnownFileType = sourcecode.c.objc; path = YYLeftViewController.m; sourceTree = "<group>"; };
		0CCB3E7D17C70CD40000D7A0 /* YYRightViewController.h */ = {isa = PBXFileReference; fileEncoding = 4; lastKnownFileType = sourcecode.c.h; path = YYRightViewController.h; sourceTree = "<group>"; };
		0CCB3E7E17C70CD40000D7A0 /* YYRightViewController.m */ = {isa = PBXFileReference; fileEncoding = 4; lastKnownFileType = sourcecode.c.objc; path = YYRightViewController.m; sourceTree = "<group>"; };
		0CCB3E8917C713750000D7A0 /* MacroDefine.h */ = {isa = PBXFileReference; fileEncoding = 4; lastKnownFileType = sourcecode.c.h; path = MacroDefine.h; sourceTree = "<group>"; };
		0CCB3E9117C7170D0000D7A0 /* YYBestViewController.h */ = {isa = PBXFileReference; fileEncoding = 4; lastKnownFileType = sourcecode.c.h; path = YYBestViewController.h; sourceTree = "<group>"; };
		0CCB3E9217C7170D0000D7A0 /* YYBestViewController.m */ = {isa = PBXFileReference; fileEncoding = 4; lastKnownFileType = sourcecode.c.objc; path = YYBestViewController.m; sourceTree = "<group>"; };
		0CCB3E9417C717170000D7A0 /* YYBangViewController.h */ = {isa = PBXFileReference; fileEncoding = 4; lastKnownFileType = sourcecode.c.h; path = YYBangViewController.h; sourceTree = "<group>"; };
		0CCB3E9517C717170000D7A0 /* YYBangViewController.m */ = {isa = PBXFileReference; fileEncoding = 4; lastKnownFileType = sourcecode.c.objc; path = YYBangViewController.m; sourceTree = "<group>"; };
/* End PBXFileReference section */

/* Begin PBXFrameworksBuildPhase section */
		0CCB3E4717C708E80000D7A0 /* Frameworks */ = {
			isa = PBXFrameworksBuildPhase;
			buildActionMask = 2147483647;
			files = (
				0CCB3E7917C70C7B0000D7A0 /* QuartzCore.framework in Frameworks */,
				0CCB3E4E17C708E80000D7A0 /* UIKit.framework in Frameworks */,
				0CCB3E5017C708E80000D7A0 /* Foundation.framework in Frameworks */,
				0CCB3E5217C708E80000D7A0 /* CoreGraphics.framework in Frameworks */,
			);
			runOnlyForDeploymentPostprocessing = 0;
		};
/* End PBXFrameworksBuildPhase section */

/* Begin PBXGroup section */
		0CCB3E4117C708E80000D7A0 = {
			isa = PBXGroup;
			children = (
				0CCB3E6A17C70C490000D7A0 /* Externals */,
				0CCB3E5317C708E80000D7A0 /* AppInfoIphone */,
				0CCB3E4C17C708E80000D7A0 /* Frameworks */,
				0CCB3E4B17C708E80000D7A0 /* Products */,
			);
			sourceTree = "<group>";
		};
		0CCB3E4B17C708E80000D7A0 /* Products */ = {
			isa = PBXGroup;
			children = (
				0CCB3E4A17C708E80000D7A0 /* AppInfoIphone.app */,
			);
			name = Products;
			sourceTree = "<group>";
		};
		0CCB3E4C17C708E80000D7A0 /* Frameworks */ = {
			isa = PBXGroup;
			children = (
				0CCB3E7817C70C7B0000D7A0 /* QuartzCore.framework */,
				0CCB3E4D17C708E80000D7A0 /* UIKit.framework */,
				0CCB3E4F17C708E80000D7A0 /* Foundation.framework */,
				0CCB3E5117C708E80000D7A0 /* CoreGraphics.framework */,
			);
			name = Frameworks;
			sourceTree = "<group>";
		};
		0CCB3E5317C708E80000D7A0 /* AppInfoIphone */ = {
			isa = PBXGroup;
			children = (
				0CCB3E8A17C715930000D7A0 /* center */,
				0CCB3E5C17C708E80000D7A0 /* YYAppDelegate.h */,
				0CCB3E5D17C708E80000D7A0 /* YYAppDelegate.m */,
				0CCB3E5417C708E80000D7A0 /* Supporting Files */,
				0CCB3E7A17C70CC90000D7A0 /* YYLeftViewController.h */,
				0CCB3E7B17C70CC90000D7A0 /* YYLeftViewController.m */,
				0CCB3E7D17C70CD40000D7A0 /* YYRightViewController.h */,
				0CCB3E7E17C70CD40000D7A0 /* YYRightViewController.m */,
			);
			path = AppInfoIphone;
			sourceTree = "<group>";
		};
		0CCB3E5417C708E80000D7A0 /* Supporting Files */ = {
			isa = PBXGroup;
			children = (
				0CCB3E5517C708E80000D7A0 /* AppInfoIphone-Info.plist */,
				0CCB3E5617C708E80000D7A0 /* InfoPlist.strings */,
				0CCB3E5917C708E80000D7A0 /* main.m */,
				0CCB3E5B17C708E80000D7A0 /* AppInfoIphone-Prefix.pch */,
				0CCB3E5F17C708E80000D7A0 /* Default.png */,
				0CCB3E6117C708E80000D7A0 /* Default@2x.png */,
				0CCB3E6317C708E80000D7A0 /* Default-568h@2x.png */,
			);
			name = "Supporting Files";
			sourceTree = "<group>";
		};
		0CCB3E6A17C70C490000D7A0 /* Externals */ = {
			isa = PBXGroup;
			children = (
				0CCB3E8817C7136D0000D7A0 /* YYMacroDefine */,
				0CCB3E6B17C70C5C0000D7A0 /* MMDrawerController */,
			);
			path = Externals;
			sourceTree = "<group>";
		};
		0CCB3E6B17C70C5C0000D7A0 /* MMDrawerController */ = {
			isa = PBXGroup;
			children = (
				0CCB3E6C17C70C5C0000D7A0 /* MMDrawerBarButtonItem.h */,
				0CCB3E6D17C70C5C0000D7A0 /* MMDrawerBarButtonItem.m */,
				0CCB3E6E17C70C5C0000D7A0 /* MMDrawerController.h */,
				0CCB3E6F17C70C5C0000D7A0 /* MMDrawerController.m */,
				0CCB3E7017C70C5C0000D7A0 /* MMDrawerVisualState.h */,
				0CCB3E7117C70C5C0000D7A0 /* MMDrawerVisualState.m */,
				0CCB3E7217C70C5C0000D7A0 /* UIViewController+MMDrawerController.h */,
				0CCB3E7317C70C5C0000D7A0 /* UIViewController+MMDrawerController.m */,
			);
			path = MMDrawerController;
			sourceTree = "<group>";
		};
		0CCB3E8817C7136D0000D7A0 /* YYMacroDefine */ = {
			isa = PBXGroup;
			children = (
				0CCB3E8917C713750000D7A0 /* MacroDefine.h */,
			);
			path = YYMacroDefine;
			sourceTree = "<group>";
		};
		0CCB3E8A17C715930000D7A0 /* center */ = {
			isa = PBXGroup;
			children = (
				0CCB3E9117C7170D0000D7A0 /* YYBestViewController.h */,
				0CCB3E9217C7170D0000D7A0 /* YYBestViewController.m */,
				0CCB3E9417C717170000D7A0 /* YYBangViewController.h */,
				0CCB3E9517C717170000D7A0 /* YYBangViewController.m */,
			);
			name = center;
			sourceTree = "<group>";
		};
/* End PBXGroup section */

/* Begin PBXNativeTarget section */
		0CCB3E4917C708E80000D7A0 /* AppInfoIphone */ = {
			isa = PBXNativeTarget;
			buildConfigurationList = 0CCB3E6717C708E80000D7A0 /* Build configuration list for PBXNativeTarget "AppInfoIphone" */;
			buildPhases = (
				0CCB3E4617C708E80000D7A0 /* Sources */,
				0CCB3E4717C708E80000D7A0 /* Frameworks */,
				0CCB3E4817C708E80000D7A0 /* Resources */,
			);
			buildRules = (
			);
			dependencies = (
			);
			name = AppInfoIphone;
			productName = AppInfoIphone;
			productReference = 0CCB3E4A17C708E80000D7A0 /* AppInfoIphone.app */;
			productType = "com.apple.product-type.application";
		};
/* End PBXNativeTarget section */

/* Begin PBXProject section */
		0CCB3E4217C708E80000D7A0 /* Project object */ = {
			isa = PBXProject;
			attributes = {
				CLASSPREFIX = YY;
				LastUpgradeCheck = 0460;
				ORGANIZATIONNAME = kuxing;
			};
			buildConfigurationList = 0CCB3E4517C708E80000D7A0 /* Build configuration list for PBXProject "AppInfoIphone" */;
			compatibilityVersion = "Xcode 3.2";
			developmentRegion = English;
			hasScannedForEncodings = 0;
			knownRegions = (
				en,
			);
			mainGroup = 0CCB3E4117C708E80000D7A0;
			productRefGroup = 0CCB3E4B17C708E80000D7A0 /* Products */;
			projectDirPath = "";
			projectRoot = "";
			targets = (
				0CCB3E4917C708E80000D7A0 /* AppInfoIphone */,
			);
		};
/* End PBXProject section */

/* Begin PBXResourcesBuildPhase section */
		0CCB3E4817C708E80000D7A0 /* Resources */ = {
			isa = PBXResourcesBuildPhase;
			buildActionMask = 2147483647;
			files = (
				0CCB3E5817C708E80000D7A0 /* InfoPlist.strings in Resources */,
				0CCB3E6017C708E80000D7A0 /* Default.png in Resources */,
				0CCB3E6217C708E80000D7A0 /* Default@2x.png in Resources */,
				0CCB3E6417C708E80000D7A0 /* Default-568h@2x.png in Resources */,
			);
			runOnlyForDeploymentPostprocessing = 0;
		};
/* End PBXResourcesBuildPhase section */

/* Begin PBXSourcesBuildPhase section */
		0CCB3E4617C708E80000D7A0 /* Sources */ = {
			isa = PBXSourcesBuildPhase;
			buildActionMask = 2147483647;
			files = (
				0CCB3E5A17C708E80000D7A0 /* main.m in Sources */,
				0CCB3E5E17C708E80000D7A0 /* YYAppDelegate.m in Sources */,
				0CCB3E7417C70C5C0000D7A0 /* MMDrawerBarButtonItem.m in Sources */,
				0CCB3E7517C70C5C0000D7A0 /* MMDrawerController.m in Sources */,
				0CCB3E7617C70C5C0000D7A0 /* MMDrawerVisualState.m in Sources */,
				0CCB3E7717C70C5C0000D7A0 /* UIViewController+MMDrawerController.m in Sources */,
				0CCB3E7C17C70CC90000D7A0 /* YYLeftViewController.m in Sources */,
				0CCB3E7F17C70CD50000D7A0 /* YYRightViewController.m in Sources */,
				0CCB3E9317C7170D0000D7A0 /* YYBestViewController.m in Sources */,
				0CCB3E9617C717170000D7A0 /* YYBangViewController.m in Sources */,
			);
			runOnlyForDeploymentPostprocessing = 0;
		};
/* End PBXSourcesBuildPhase section */

/* Begin PBXVariantGroup section */
		0CCB3E5617C708E80000D7A0 /* InfoPlist.strings */ = {
			isa = PBXVariantGroup;
			children = (
				0CCB3E5717C708E80000D7A0 /* en */,
			);
			name = InfoPlist.strings;
			sourceTree = "<group>";
		};
/* End PBXVariantGroup section */

/* Begin XCBuildConfiguration section */
		0CCB3E6517C708E80000D7A0 /* Debug */ = {
			isa = XCBuildConfiguration;
			buildSettings = {
				ALWAYS_SEARCH_USER_PATHS = NO;
				CLANG_CXX_LANGUAGE_STANDARD = "gnu++0x";
				CLANG_CXX_LIBRARY = "libc++";
				CLANG_ENABLE_OBJC_ARC = YES;
				CLANG_WARN_CONSTANT_CONVERSION = YES;
				CLANG_WARN_EMPTY_BODY = YES;
				CLANG_WARN_ENUM_CONVERSION = YES;
				CLANG_WARN_INT_CONVERSION = YES;
				CLANG_WARN__DUPLICATE_METHOD_MATCH = YES;
				"CODE_SIGN_IDENTITY[sdk=iphoneos*]" = "iPhone Developer";
				COPY_PHASE_STRIP = NO;
				GCC_C_LANGUAGE_STANDARD = gnu99;
				GCC_DYNAMIC_NO_PIC = NO;
				GCC_OPTIMIZATION_LEVEL = 0;
				GCC_PREPROCESSOR_DEFINITIONS = (
					"DEBUG=1",
					"$(inherited)",
				);
				GCC_SYMBOLS_PRIVATE_EXTERN = NO;
				GCC_WARN_ABOUT_RETURN_TYPE = YES;
				GCC_WARN_UNINITIALIZED_AUTOS = YES;
				GCC_WARN_UNUSED_VARIABLE = YES;
				IPHONEOS_DEPLOYMENT_TARGET = 6.1;
				ONLY_ACTIVE_ARCH = YES;
				SDKROOT = iphoneos;
			};
			name = Debug;
		};
		0CCB3E6617C708E80000D7A0 /* Release */ = {
			isa = XCBuildConfiguration;
			buildSettings = {
				ALWAYS_SEARCH_USER_PATHS = NO;
				CLANG_CXX_LANGUAGE_STANDARD = "gnu++0x";
				CLANG_CXX_LIBRARY = "libc++";
				CLANG_ENABLE_OBJC_ARC = YES;
				CLANG_WARN_CONSTANT_CONVERSION = YES;
				CLANG_WARN_EMPTY_BODY = YES;
				CLANG_WARN_ENUM_CONVERSION = YES;
				CLANG_WARN_INT_CONVERSION = YES;
				CLANG_WARN__DUPLICATE_METHOD_MATCH = YES;
				"CODE_SIGN_IDENTITY[sdk=iphoneos*]" = "iPhone Developer";
				COPY_PHASE_STRIP = YES;
				GCC_C_LANGUAGE_STANDARD = gnu99;
				GCC_WARN_ABOUT_RETURN_TYPE = YES;
				GCC_WARN_UNINITIALIZED_AUTOS = YES;
				GCC_WARN_UNUSED_VARIABLE = YES;
				IPHONEOS_DEPLOYMENT_TARGET = 6.1;
				OTHER_CFLAGS = "-DNS_BLOCK_ASSERTIONS=1";
				SDKROOT = iphoneos;
				VALIDATE_PRODUCT = YES;
			};
			name = Release;
		};
		0CCB3E6817C708E80000D7A0 /* Debug */ = {
			isa = XCBuildConfiguration;
			buildSettings = {
				GCC_PRECOMPILE_PREFIX_HEADER = YES;
				GCC_PREFIX_HEADER = "AppInfoIphone/AppInfoIphone-Prefix.pch";
				INFOPLIST_FILE = "AppInfoIphone/AppInfoIphone-Info.plist";
				PRODUCT_NAME = "$(TARGET_NAME)";
				WRAPPER_EXTENSION = app;
			};
			name = Debug;
		};
		0CCB3E6917C708E80000D7A0 /* Release */ = {
			isa = XCBuildConfiguration;
			buildSettings = {
				GCC_PRECOMPILE_PREFIX_HEADER = YES;
				GCC_PREFIX_HEADER = "AppInfoIphone/AppInfoIphone-Prefix.pch";
				INFOPLIST_FILE = "AppInfoIphone/AppInfoIphone-Info.plist";
				PRODUCT_NAME = "$(TARGET_NAME)";
				WRAPPER_EXTENSION = app;
			};
			name = Release;
		};
/* End XCBuildConfiguration section */

/* Begin XCConfigurationList section */
		0CCB3E4517C708E80000D7A0 /* Build configuration list for PBXProject "AppInfoIphone" */ = {
			isa = XCConfigurationList;
			buildConfigurations = (
				0CCB3E6517C708E80000D7A0 /* Debug */,
				0CCB3E6617C708E80000D7A0 /* Release */,
			);
			defaultConfigurationIsVisible = 0;
			defaultConfigurationName = Release;
		};
		0CCB3E6717C708E80000D7A0 /* Build configuration list for PBXNativeTarget "AppInfoIphone" */ = {
			isa = XCConfigurationList;
			buildConfigurations = (
				0CCB3E6817C708E80000D7A0 /* Debug */,
				0CCB3E6917C708E80000D7A0 /* Release */,
			);
			defaultConfigurationIsVisible = 0;
			defaultConfigurationName = Release;
		};
/* End XCConfigurationList section */
	};
	rootObject = 0CCB3E4217C708E80000D7A0 /* Project object */;
}
